
Microsoft Visual Studio Solution File, Format Version 12.00
# Visual Studio 15
VisualStudioVersion = 15.0.28010.2048
MinimumVisualStudioVersion = 10.0.40219.1
Project("{FAE04EC0-301F-11D3-BF4B-00C04F79EFBC}") = "PackageSource", "PackageSource\PackageSource.csproj", "{1340C979-E429-4F6A-9FF8-B7A15825E04F}"
EndProject
Project("{FAE04EC0-301F-11D3-BF4B-00C04F79EFBC}") = "Example", "Example\Example.csproj", "{06C4ACFA-A25E-4674-9A61-2552CEC194B7}"
EndProject
Global
	GlobalSection(SolutionConfigurationPlatforms) = preSolution
		Debug|Any CPU = Debug|Any CPU
		Release|Any CPU = Release|Any CPU
	EndGlobalSection
	GlobalSection(ProjectConfigurationPlatforms) = postSolution
		{1340C979-E429-4F6A-9FF8-B7A15825E04F}.Debug|Any CPU.ActiveCfg = Debug|Any CPU
		{1340C979-E429-4F6A-9FF8-B7A15825E04F}.Debug|Any CPU.Build.0 = Debug|Any CPU
		{1340C979-E429-4F6A-9FF8-B7A15825E04F}.Release|Any CPU.ActiveCfg = Release|Any CPU
		{1340C979-E429-4F6A-9FF8-B7A15825E04F}.Release|Any CPU.Build.0 = Release|Any CPU
		{06C4ACFA-A25E-4674-9A61-2552CEC194B7}.Debug|Any CPU.ActiveCfg = Debug|Any CPU
		{06C4ACFA-A25E-4674-9A61-2552CEC194B7}.Debug|Any CPU.Build.0 = Debug|Any CPU
		{06C4ACFA-A25E-4674-9A61-2552CEC194B7}.Release|Any CPU.ActiveCfg = Release|Any CPU
		{06C4ACFA-A25E-4674-9A61-2552CEC194B7}.Release|Any CPU.Build.0 = Release|Any CPU
	EndGlobalSection
	GlobalSection(SolutionProperties) = preSolution
		HideSolutionNode = FALSE
	EndGlobalSection
	GlobalSection(ExtensibilityGlobals) = postSolution
		SolutionGuid = {C008B098-B226-46F6-8BDB-5C0EB49942F0}
	EndGlobalSection
EndGlobal
